Microsoft Visual Studio Solution File, Format Version 12.00
# Visual Studio Version 17
VisualStudioVersion = 17.12.35506.116 d17.12
MinimumVisualStudioVersion = 10.0.40219.1
Project("{FAE04EC0-301F-11D3-BF4B-00C04F79EFBC}") = "AspireApp1.AppHost", "AspireApp1.AppHost\AspireApp1.AppHost.csproj", "{B261A5CE-28B3-42F0-85E8-FB25FFFD7BF9}"
EndProject
Project("{FAE04EC0-301F-11D3-BF4B-00C04F79EFBC}") = "AspireApp1.ServiceDefaults", "AspireApp1.ServiceDefaults\AspireApp1.ServiceDefaults.csproj", "{1BD401EB-09FF-4EBB-9BF6-0EBBF201457A}"
EndProject
Global
	GlobalSection(SolutionConfigurationPlatforms) = preSolution
		Debug|Any CPU = Debug|Any CPU
		Release|Any CPU = Release|Any CPU
	EndGlobalSection
	GlobalSection(ProjectConfigurationPlatforms) = postSolution
		{B261A5CE-28B3-42F0-85E8-FB25FFFD7BF9}.Debug|Any CPU.ActiveCfg = Debug|Any CPU
		{B261A5CE-28B3-42F0-85E8-FB25FFFD7BF9}.Debug|Any CPU.Build.0 = Debug|Any CPU
		{B261A5CE-28B3-42F0-85E8-FB25FFFD7BF9}.Release|Any CPU.ActiveCfg = Release|Any CPU
		{B261A5CE-28B3-42F0-85E8-FB25FFFD7BF9}.Release|Any CPU.Build.0 = Release|Any CPU
		{1BD401EB-09FF-4EBB-9BF6-0EBBF201457A}.Debug|Any CPU.ActiveCfg = Debug|Any CPU
		{1BD401EB-09FF-4EBB-9BF6-0EBBF201457A}.Debug|Any CPU.Build.0 = Debug|Any CPU
		{1BD401EB-09FF-4EBB-9BF6-0EBBF201457A}.Release|Any CPU.ActiveCfg = Release|Any CPU
		{1BD401EB-09FF-4EBB-9BF6-0EBBF201457A}.Release|Any CPU.Build.0 = Release|Any CPU
	EndGlobalSection
	GlobalSection(SolutionProperties) = preSolution
		HideSolutionNode = FALSE
	EndGlobalSection
EndGlobal
